
Microsoft Visual Studio Solution File, Format Version 12.00
# Visual Studio Version 17
VisualStudioVersion = 17.2.32630.192
MinimumVisualStudioVersion = 10.0.40219.1
Project("{FAE04EC0-301F-11D3-BF4B-00C04F79EFBC}") = "HospitalAppointmentSystem", "HospitalAppointmentSystem\HospitalAppointmentSystem.csproj", "{B27AC086-4622-40AA-A2A0-46B6D8990B20}"
EndProject
Global
	GlobalSection(SolutionConfigurationPlatforms) = preSolution
		Debug|Any CPU = Debug|Any CPU
		Release|Any CPU = Release|Any CPU
	EndGlobalSection
	GlobalSection(ProjectConfigurationPlatforms) = postSolution
		{B27AC086-4622-40AA-A2A0-46B6D8990B20}.Debug|Any CPU.ActiveCfg = Debug|Any CPU
		{B27AC086-4622-40AA-A2A0-46B6D8990B20}.Debug|Any CPU.Build.0 = Debug|Any CPU
		{B27AC086-4622-40AA-A2A0-46B6D8990B20}.Release|Any CPU.ActiveCfg = Release|Any CPU
		{B27AC086-4622-40AA-A2A0-46B6D8990B20}.Release|Any CPU.Build.0 = Release|Any CPU
	EndGlobalSection
	GlobalSection(SolutionProperties) = preSolution
		HideSolutionNode = FALSE
	EndGlobalSection
	GlobalSection(ExtensibilityGlobals) = postSolution
		SolutionGuid = {DAAC6810-5D65-4632-BE9C-46F4B7EC3A97}
	EndGlobalSection
EndGlobal
